// !$*UTF8*$!
{
	archiveVersion = 1;
	classes = {
	};
	objectVersion = 46;
	objects = {

/* Begin PBXBuildFile section */
		19673F411BAF9C3C002CC363 /* (null) in Sources */ = {isa = PBXBuildFile; };
		19A7C1061BEC1AB6003CF224 /* MXProfileViewController.m in Sources */ = {isa = PBXBuildFile; fileRef = 19A7C1051BEC1AB6003CF224 /* MXProfileViewController.m */; };
		19B08A2E1BE9D46500411BC2 /* MXCoursesInputViewController.m in Sources */ = {isa = PBXBuildFile; fileRef = 19B08A2D1BE9D46500411BC2 /* MXCoursesInputViewController.m */; };
		19DCE3051BB8BB4A006FB33F /* Bolts.framework in Frameworks */ = {isa = PBXBuildFile; fileRef = 19DCE3031BB8BB4A006FB33F /* Bolts.framework */; };
		19DCE3061BB8BB4A006FB33F /* Parse.framework in Frameworks */ = {isa = PBXBuildFile; fileRef = 19DCE3041BB8BB4A006FB33F /* Parse.framework */; };
		19DCE3081BB8BBCC006FB33F /* AudioToolbox.framework in Frameworks */ = {isa = PBXBuildFile; fileRef = 19DCE3071BB8BBCC006FB33F /* AudioToolbox.framework */; };
		19DCE30A1BB8BBD4006FB33F /* CFNetwork.framework in Frameworks */ = {isa = PBXBuildFile; fileRef = 19DCE3091BB8BBD4006FB33F /* CFNetwork.framework */; };
		19DCE30C1BB8BBDC006FB33F /* CoreGraphics.framework in Frameworks */ = {isa = PBXBuildFile; fileRef = 19DCE30B1BB8BBDC006FB33F /* CoreGraphics.framework */; };
		19DCE30E1BB8BBE5006FB33F /* CoreLocation.framework in Frameworks */ = {isa = PBXBuildFile; fileRef = 19DCE30D1BB8BBE5006FB33F /* CoreLocation.framework */; };
		19DCE3101BB8BBEC006FB33F /* QuartzCore.framework in Frameworks */ = {isa = PBXBuildFile; fileRef = 19DCE30F1BB8BBEC006FB33F /* QuartzCore.framework */; };
		19DCE3121BB8BBF4006FB33F /* Security.framework in Frameworks */ = {isa = PBXBuildFile; fileRef = 19DCE3111BB8BBF4006FB33F /* Security.framework */; };
		19DCE3141BB8BBFB006FB33F /* StoreKit.framework in Frameworks */ = {isa = PBXBuildFile; fileRef = 19DCE3131BB8BBFB006FB33F /* StoreKit.framework */; };
		19DCE3161BB8BC07006FB33F /* SystemConfiguration.framework in Frameworks */ = {isa = PBXBuildFile; fileRef = 19DCE3151BB8BC07006FB33F /* SystemConfiguration.framework */; };
		19DCE3181BB8BC1E006FB33F /* libsqlite3.tbd in Frameworks */ = {isa = PBXBuildFile; fileRef = 19DCE3171BB8BC1E006FB33F /* libsqlite3.tbd */; };
		19DCE31A1BB8BC33006FB33F /* libz.tbd in Frameworks */ = {isa = PBXBuildFile; fileRef = 19DCE3191BB8BC33006FB33F /* libz.tbd */; };
		19DCE31C1BB8BC3D006FB33F /* Accounts.framework in Frameworks */ = {isa = PBXBuildFile; fileRef = 19DCE31B1BB8BC3D006FB33F /* Accounts.framework */; };
		19DCE31E1BB8BC44006FB33F /* Social.framework in Frameworks */ = {isa = PBXBuildFile; fileRef = 19DCE31D1BB8BC44006FB33F /* Social.framework */; };
		359944AA1BAB79E700F8540B /* AppDelegate.swift in Sources */ = {isa = PBXBuildFile; fileRef = 359944A91BAB79E700F8540B /* AppDelegate.swift */; };
		359944AC1BAB79E700F8540B /* ViewController.swift in Sources */ = {isa = PBXBuildFile; fileRef = 359944AB1BAB79E700F8540B /* ViewController.swift */; };
		359944AF1BAB79E700F8540B /* Main.storyboard in Resources */ = {isa = PBXBuildFile; fileRef = 359944AD1BAB79E700F8540B /* Main.storyboard */; };
		359944B11BAB79E700F8540B /* Images.xcassets in Resources */ = {isa = PBXBuildFile; fileRef = 359944B01BAB79E700F8540B /* Images.xcassets */; };
		359944B41BAB79E700F8540B /* LaunchScreen.xib in Resources */ = {isa = PBXBuildFile; fileRef = 359944B21BAB79E700F8540B /* LaunchScreen.xib */; };
		359944C01BAB79E700F8540B /* clickerTests.swift in Sources */ = {isa = PBXBuildFile; fileRef = 359944BF1BAB79E700F8540B /* clickerTests.swift */; };
		359944D91BAB947300F8540B /* MultipleChoiceTableViewCell.swift in Sources */ = {isa = PBXBuildFile; fileRef = 359944D81BAB947300F8540B /* MultipleChoiceTableViewCell.swift */; };
		359944DB1BAB9F4900F8540B /* NumericalViewController.swift in Sources */ = {isa = PBXBuildFile; fileRef = 359944DA1BAB9F4900F8540B /* NumericalViewController.swift */; };
		359944DF1BABA16500F8540B /* MultipleChoiceViewController.swift in Sources */ = {isa = PBXBuildFile; fileRef = 359944DE1BABA16500F8540B /* MultipleChoiceViewController.swift */; };
		DF23F1681BE146320043EC0A /* JLCurrentClassViewController.m in Sources */ = {isa = PBXBuildFile; fileRef = DF23F1671BE146320043EC0A /* JLCurrentClassViewController.m */; };
		DF23F16B1BE147F90043EC0A /* JLCoursesViewController.m in Sources */ = {isa = PBXBuildFile; fileRef = DF23F16A1BE147F90043EC0A /* JLCoursesViewController.m */; };
		DF3962A81BCF78C9009E9D67 /* JLLoginViewController.m in Sources */ = {isa = PBXBuildFile; fileRef = DF3962A71BCF78C9009E9D67 /* JLLoginViewController.m */; };
		DF72CC931BF4B6930072CA6C /* JLCreateAccountViewController.m in Sources */ = {isa = PBXBuildFile; fileRef = DF72CC921BF4B6930072CA6C /* JLCreateAccountViewController.m */; };
		DF9F37F11BF1A88000418172 /* JLFreeResponseViewController.m in Sources */ = {isa = PBXBuildFile; fileRef = DF9F37F01BF1A88000418172 /* JLFreeResponseViewController.m */; };
		DF9F37F41BF1A91B00418172 /* JLNumericalViewController.m in Sources */ = {isa = PBXBuildFile; fileRef = DF9F37F31BF1A91B00418172 /* JLNumericalViewController.m */; };
		DF9F37F71BF1A93500418172 /* JLMultipleChoiceViewController.m in Sources */ = {isa = PBXBuildFile; fileRef = DF9F37F61BF1A93500418172 /* JLMultipleChoiceViewController.m */; };
		DFD94A2D1BE974CC001AC70D /* JLAPIManager.m in Sources */ = {isa = PBXBuildFile; fileRef = DFD94A2C1BE974CC001AC70D /* JLAPIManager.m */; };
		DFD94A351BE99363001AC70D /* JLClickerUserManager.m in Sources */ = {isa = PBXBuildFile; fileRef = DFD94A341BE99363001AC70D /* JLClickerUserManager.m */; };
		DFF6374B1BD631A5002B7699 /* FreeResponseViewController.swift in Sources */ = {isa = PBXBuildFile; fileRef = DFF6374A1BD631A5002B7699 /* FreeResponseViewController.swift */; };
/* End PBXBuildFile section */

/* Begin PBXContainerItemProxy section */
		359944BA1BAB79E700F8540B /* PBXContainerItemProxy */ = {
			isa = PBXContainerItemProxy;
			containerPortal = 3599449C1BAB79E700F8540B /* Project object */;
			proxyType = 1;
			remoteGlobalIDString = 359944A31BAB79E700F8540B;
			remoteInfo = clicker;
		};
/* End PBXContainerItemProxy section */

/* Begin PBXFileReference section */
		19A7C1041BEC1AB6003CF224 /* MXProfileViewController.h */ = {isa = PBXFileReference; fileEncoding = 4; lastKnownFileType = sourcecode.c.h; name = MXProfileViewController.h; path = ../MXProfileViewController.h; sourceTree = "<group>"; };
		19A7C1051BEC1AB6003CF224 /* MXProfileViewController.m */ = {isa = PBXFileReference; fileEncoding = 4; lastKnownFileType = sourcecode.c.objc; name = MXProfileViewController.m; path = ../MXProfileViewController.m; sourceTree = "<group>"; };
		19B08A2C1BE9D46500411BC2 /* MXCoursesInputViewController.h */ = {isa = PBXFileReference; fileEncoding = 4; lastKnownFileType = sourcecode.c.h; name = MXCoursesInputViewController.h; path = ../MXCoursesInputViewController.h; sourceTree = "<group>"; };
		19B08A2D1BE9D46500411BC2 /* MXCoursesInputViewController.m */ = {isa = PBXFileReference; fileEncoding = 4; lastKnownFileType = sourcecode.c.objc; name = MXCoursesInputViewController.m; path = ../MXCoursesInputViewController.m; sourceTree = "<group>"; };
		19DCE3031BB8BB4A006FB33F /* Bolts.framework */ = {isa = PBXFileReference; lastKnownFileType = wrapper.framework; path = Bolts.framework; sourceTree = "<group>"; };
		19DCE3041BB8BB4A006FB33F /* Parse.framework */ = {isa = PBXFileReference; lastKnownFileType = wrapper.framework; path = Parse.framework; sourceTree = "<group>"; };
		19DCE3071BB8BBCC006FB33F /* AudioToolbox.framework */ = {isa = PBXFileReference; lastKnownFileType = wrapper.framework; name = AudioToolbox.framework; path = System/Library/Frameworks/AudioToolbox.framework; sourceTree = SDKROOT; };
		19DCE3091BB8BBD4006FB33F /* CFNetwork.framework */ = {isa = PBXFileReference; lastKnownFileType = wrapper.framework; name = CFNetwork.framework; path = System/Library/Frameworks/CFNetwork.framework; sourceTree = SDKROOT; };
		19DCE30B1BB8BBDC006FB33F /* CoreGraphics.framework */ = {isa = PBXFileReference; lastKnownFileType = wrapper.framework; name = CoreGraphics.framework; path = System/Library/Frameworks/CoreGraphics.framework; sourceTree = SDKROOT; };
		19DCE30D1BB8BBE5006FB33F /* CoreLocation.framework */ = {isa = PBXFileReference; lastKnownFileType = wrapper.framework; name = CoreLocation.framework; path = System/Library/Frameworks/CoreLocation.framework; sourceTree = SDKROOT; };
		19DCE30F1BB8BBEC006FB33F /* QuartzCore.framework */ = {isa = PBXFileReference; lastKnownFileType = wrapper.framework; name = QuartzCore.framework; path = System/Library/Frameworks/QuartzCore.framework; sourceTree = SDKROOT; };
		19DCE3111BB8BBF4006FB33F /* Security.framework */ = {isa = PBXFileReference; lastKnownFileType = wrapper.framework; name = Security.framework; path = System/Library/Frameworks/Security.framework; sourceTree = SDKROOT; };
		19DCE3131BB8BBFB006FB33F /* StoreKit.framework */ = {isa = PBXFileReference; lastKnownFileType = wrapper.framework; name = StoreKit.framework; path = System/Library/Frameworks/StoreKit.framework; sourceTree = SDKROOT; };
		19DCE3151BB8BC07006FB33F /* SystemConfiguration.framework */ = {isa = PBXFileReference; lastKnownFileType = wrapper.framework; name = SystemConfiguration.framework; path = System/Library/Frameworks/SystemConfiguration.framework; sourceTree = SDKROOT; };
		19DCE3171BB8BC1E006FB33F /* libsqlite3.tbd */ = {isa = PBXFileReference; lastKnownFileType = "sourcecode.text-based-dylib-definition"; name = libsqlite3.tbd; path = usr/lib/libsqlite3.tbd; sourceTree = SDKROOT; };
		19DCE3191BB8BC33006FB33F /* libz.tbd */ = {isa = PBXFileReference; lastKnownFileType = "sourcecode.text-based-dylib-definition"; name = libz.tbd; path = usr/lib/libz.tbd; sourceTree = SDKROOT; };
		19DCE31B1BB8BC3D006FB33F /* Accounts.framework */ = {isa = PBXFileReference; lastKnownFileType = wrapper.framework; name = Accounts.framework; path = System/Library/Frameworks/Accounts.framework; sourceTree = SDKROOT; };
		19DCE31D1BB8BC44006FB33F /* Social.framework */ = {isa = PBXFileReference; lastKnownFileType = wrapper.framework; name = Social.framework; path = System/Library/Frameworks/Social.framework; sourceTree = SDKROOT; };
		359944A41BAB79E700F8540B /* clicker.app */ = {isa = PBXFileReference; explicitFileType = wrapper.application; includeInIndex = 0; path = clicker.app; sourceTree = BUILT_PRODUCTS_DIR; };
		359944A81BAB79E700F8540B /* Info.plist */ = {isa = PBXFileReference; lastKnownFileType = text.plist.xml; path = Info.plist; sourceTree = "<group>"; };
		359944A91BAB79E700F8540B /* AppDelegate.swift */ = {isa = PBXFileReference; lastKnownFileType = sourcecode.swift; path = AppDelegate.swift; sourceTree = "<group>"; };
		359944AB1BAB79E700F8540B /* ViewController.swift */ = {isa = PBXFileReference; lastKnownFileType = sourcecode.swift; path = ViewController.swift; sourceTree = "<group>"; };
		359944AE1BAB79E700F8540B /* Base */ = {isa = PBXFileReference; lastKnownFileType = file.storyboard; name = Base; path = Base.lproj/Main.storyboard; sourceTree = "<group>"; };
		359944B01BAB79E700F8540B /* Images.xcassets */ = {isa = PBXFileReference; lastKnownFileType = folder.assetcatalog; path = Images.xcassets; sourceTree = "<group>"; };
		359944B31BAB79E700F8540B /* Base */ = {isa = PBXFileReference; lastKnownFileType = file.xib; name = Base; path = Base.lproj/LaunchScreen.xib; sourceTree = "<group>"; };
		359944B91BAB79E700F8540B /* clickerTests.xctest */ = {isa = PBXFileReference; explicitFileType = wrapper.cfbundle; includeInIndex = 0; path = clickerTests.xctest; sourceTree = BUILT_PRODUCTS_DIR; };
		359944BE1BAB79E700F8540B /* Info.plist */ = {isa = PBXFileReference; lastKnownFileType = text.plist.xml; path = Info.plist; sourceTree = "<group>"; };
		359944BF1BAB79E700F8540B /* clickerTests.swift */ = {isa = PBXFileReference; lastKnownFileType = sourcecode.swift; path = clickerTests.swift; sourceTree = "<group>"; };
		359944D81BAB947300F8540B /* MultipleChoiceTableViewCell.swift */ = {isa = PBXFileReference; fileEncoding = 4; lastKnownFileType = sourcecode.swift; path = MultipleChoiceTableViewCell.swift; sourceTree = "<group>"; };
		359944DA1BAB9F4900F8540B /* NumericalViewController.swift */ = {isa = PBXFileReference; fileEncoding = 4; lastKnownFileType = sourcecode.swift; path = NumericalViewController.swift; sourceTree = "<group>"; };
		359944DE1BABA16500F8540B /* MultipleChoiceViewController.swift */ = {isa = PBXFileReference; fileEncoding = 4; lastKnownFileType = sourcecode.swift; path = MultipleChoiceViewController.swift; sourceTree = "<group>"; };
		DF23F1661BE146320043EC0A /* JLCurrentClassViewController.h */ = {isa = PBXFileReference; fileEncoding = 4; lastKnownFileType = sourcecode.c.h; path = JLCurrentClassViewController.h; sourceTree = "<group>"; };
		DF23F1671BE146320043EC0A /* JLCurrentClassViewController.m */ = {isa = PBXFileReference; fileEncoding = 4; lastKnownFileType = sourcecode.c.objc; path = JLCurrentClassViewController.m; sourceTree = "<group>"; };
		DF23F1691BE147F90043EC0A /* JLCoursesViewController.h */ = {isa = PBXFileReference; fileEncoding = 4; lastKnownFileType = sourcecode.c.h; path = JLCoursesViewController.h; sourceTree = "<group>"; };
		DF23F16A1BE147F90043EC0A /* JLCoursesViewController.m */ = {isa = PBXFileReference; fileEncoding = 4; lastKnownFileType = sourcecode.c.objc; path = JLCoursesViewController.m; sourceTree = "<group>"; };
		DF3962A51BCF78C8009E9D67 /* clicker-Bridging-Header.h */ = {isa = PBXFileReference; lastKnownFileType = sourcecode.c.h; path = "clicker-Bridging-Header.h"; sourceTree = "<group>"; };
		DF3962A61BCF78C9009E9D67 /* JLLoginViewController.h */ = {isa = PBXFileReference; fileEncoding = 4; lastKnownFileType = sourcecode.c.h; path = JLLoginViewController.h; sourceTree = "<group>"; };
		DF3962A71BCF78C9009E9D67 /* JLLoginViewController.m */ = {isa = PBXFileReference; fileEncoding = 4; lastKnownFileType = sourcecode.c.objc; path = JLLoginViewController.m; sourceTree = "<group>"; };
		DF72CC911BF4B6930072CA6C /* JLCreateAccountViewController.h */ = {isa = PBXFileReference; fileEncoding = 4; lastKnownFileType = sourcecode.c.h; path = JLCreateAccountViewController.h; sourceTree = "<group>"; };
		DF72CC921BF4B6930072CA6C /* JLCreateAccountViewController.m */ = {isa = PBXFileReference; fileEncoding = 4; lastKnownFileType = sourcecode.c.objc; path = JLCreateAccountViewController.m; sourceTree = "<group>"; };
		DF9F37EF1BF1A88000418172 /* JLFreeResponseViewController.h */ = {isa = PBXFileReference; fileEncoding = 4; lastKnownFileType = sourcecode.c.h; path = JLFreeResponseViewController.h; sourceTree = "<group>"; };
		DF9F37F01BF1A88000418172 /* JLFreeResponseViewController.m */ = {isa = PBXFileReference; fileEncoding = 4; lastKnownFileType = sourcecode.c.objc; path = JLFreeResponseViewController.m; sourceTree = "<group>"; };
		DF9F37F21BF1A91B00418172 /* JLNumericalViewController.h */ = {isa = PBXFileReference; fileEncoding = 4; lastKnownFileType = sourcecode.c.h; path = JLNumericalViewController.h; sourceTree = "<group>"; };
		DF9F37F31BF1A91B00418172 /* JLNumericalViewController.m */ = {isa = PBXFileReference; fileEncoding = 4; lastKnownFileType = sourcecode.c.objc; path = JLNumericalViewController.m; sourceTree = "<group>"; };
		DF9F37F51BF1A93500418172 /* JLMultipleChoiceViewController.h */ = {isa = PBXFileReference; fileEncoding = 4; lastKnownFileType = sourcecode.c.h; path = JLMultipleChoiceViewController.h; sourceTree = "<group>"; };
		DF9F37F61BF1A93500418172 /* JLMultipleChoiceViewController.m */ = {isa = PBXFileReference; fileEncoding = 4; lastKnownFileType = sourcecode.c.objc; path = JLMultipleChoiceViewController.m; sourceTree = "<group>"; };
		DFD94A2B1BE974CC001AC70D /* JLAPIManager.h */ = {isa = PBXFileReference; fileEncoding = 4; lastKnownFileType = sourcecode.c.h; name = JLAPIManager.h; path = Manager/JLAPIManager.h; sourceTree = "<group>"; };
		DFD94A2C1BE974CC001AC70D /* JLAPIManager.m */ = {isa = PBXFileReference; fileEncoding = 4; lastKnownFileType = sourcecode.c.objc; name = JLAPIManager.m; path = Manager/JLAPIManager.m; sourceTree = "<group>"; };
		DFD94A2F1BE976AA001AC70D /* ClickerConstants.h */ = {isa = PBXFileReference; lastKnownFileType = sourcecode.c.h; name = ClickerConstants.h; path = ../ClickerConstants.h; sourceTree = "<group>"; };
		DFD94A331BE99363001AC70D /* JLClickerUserManager.h */ = {isa = PBXFileReference; fileEncoding = 4; lastKnownFileType = sourcecode.c.h; path = JLClickerUserManager.h; sourceTree = "<group>"; };
		DFD94A341BE99363001AC70D /* JLClickerUserManager.m */ = {isa = PBXFileReference; fileEncoding = 4; lastKnownFileType = sourcecode.c.objc; path = JLClickerUserManager.m; sourceTree = "<group>"; };
		DFF6374A1BD631A5002B7699 /* FreeResponseViewController.swift */ = {isa = PBXFileReference; fileEncoding = 4; lastKnownFileType = sourcecode.swift; path = FreeResponseViewController.swift; sourceTree = "<group>"; };
/* End PBXFileReference section */

/* Begin PBXFrameworksBuildPhase section */
		359944A11BAB79E700F8540B /* Frameworks */ = {
			isa = PBXFrameworksBuildPhase;
			buildActionMask = 2147483647;
			files = (
				19DCE31E1BB8BC44006FB33F /* Social.framework in Frameworks */,
				19DCE31C1BB8BC3D006FB33F /* Accounts.framework in Frameworks */,
				19DCE31A1BB8BC33006FB33F /* libz.tbd in Frameworks */,
				19DCE3181BB8BC1E006FB33F /* libsqlite3.tbd in Frameworks */,
				19DCE3161BB8BC07006FB33F /* SystemConfiguration.framework in Frameworks */,
				19DCE3141BB8BBFB006FB33F /* StoreKit.framework in Frameworks */,
				19DCE3121BB8BBF4006FB33F /* Security.framework in Frameworks */,
				19DCE3101BB8BBEC006FB33F /* QuartzCore.framework in Frameworks */,
				19DCE30E1BB8BBE5006FB33F /* CoreLocation.framework in Frameworks */,
				19DCE30C1BB8BBDC006FB33F /* CoreGraphics.framework in Frameworks */,
				19DCE30A1BB8BBD4006FB33F /* CFNetwork.framework in Frameworks */,
				19DCE3081BB8BBCC006FB33F /* AudioToolbox.framework in Frameworks */,
				19DCE3061BB8BB4A006FB33F /* Parse.framework in Frameworks */,
				19DCE3051BB8BB4A006FB33F /* Bolts.framework in Frameworks */,
			);
			runOnlyForDeploymentPostprocessing = 0;
		};
		359944B61BAB79E700F8540B /* Frameworks */ = {
			isa = PBXFrameworksBuildPhase;
			buildActionMask = 2147483647;
			files = (
			);
			runOnlyForDeploymentPostprocessing = 0;
		};
/* End PBXFrameworksBuildPhase section */

/* Begin PBXGroup section */
		19DCE3021BB8BB0C006FB33F /* Frameworks */ = {
			isa = PBXGroup;
			children = (
				19DCE31D1BB8BC44006FB33F /* Social.framework */,
				19DCE31B1BB8BC3D006FB33F /* Accounts.framework */,
				19DCE3191BB8BC33006FB33F /* libz.tbd */,
				19DCE3171BB8BC1E006FB33F /* libsqlite3.tbd */,
				19DCE3151BB8BC07006FB33F /* SystemConfiguration.framework */,
				19DCE3131BB8BBFB006FB33F /* StoreKit.framework */,
				19DCE3111BB8BBF4006FB33F /* Security.framework */,
				19DCE30F1BB8BBEC006FB33F /* QuartzCore.framework */,
				19DCE30D1BB8BBE5006FB33F /* CoreLocation.framework */,
				19DCE30B1BB8BBDC006FB33F /* CoreGraphics.framework */,
				19DCE3091BB8BBD4006FB33F /* CFNetwork.framework */,
				19DCE3071BB8BBCC006FB33F /* AudioToolbox.framework */,
				19DCE3031BB8BB4A006FB33F /* Bolts.framework */,
				19DCE3041BB8BB4A006FB33F /* Parse.framework */,
			);
			name = Frameworks;
			sourceTree = "<group>";
		};
		3599449B1BAB79E700F8540B = {
			isa = PBXGroup;
			children = (
				19DCE3021BB8BB0C006FB33F /* Frameworks */,
				359944A61BAB79E700F8540B /* clicker */,
				359944BC1BAB79E700F8540B /* clickerTests */,
				359944A51BAB79E700F8540B /* Products */,
			);
			sourceTree = "<group>";
		};
		359944A51BAB79E700F8540B /* Products */ = {
			isa = PBXGroup;
			children = (
				359944A41BAB79E700F8540B /* clicker.app */,
				359944B91BAB79E700F8540B /* clickerTests.xctest */,
			);
			name = Products;
			sourceTree = "<group>";
		};
		359944A61BAB79E700F8540B /* clicker */ = {
			isa = PBXGroup;
			children = (
				359944AD1BAB79E700F8540B /* Main.storyboard */,
				359944B01BAB79E700F8540B /* Images.xcassets */,
				359944B21BAB79E700F8540B /* LaunchScreen.xib */,
				DFD94A321BE979C4001AC70D /* View */,
				359944A71BAB79E700F8540B /* Supporting Files */,
				DFD94A301BE97988001AC70D /* Manager */,
				DFD94A311BE979A7001AC70D /* Controller */,
				DFD94A2F1BE976AA001AC70D /* ClickerConstants.h */,
				DF3962A51BCF78C8009E9D67 /* clicker-Bridging-Header.h */,
			);
			path = clicker;
			sourceTree = "<group>";
		};
		359944A71BAB79E700F8540B /* Supporting Files */ = {
			isa = PBXGroup;
			children = (
				359944A91BAB79E700F8540B /* AppDelegate.swift */,
				359944A81BAB79E700F8540B /* Info.plist */,
			);
			name = "Supporting Files";
			sourceTree = "<group>";
		};
		359944BC1BAB79E700F8540B /* clickerTests */ = {
			isa = PBXGroup;
			children = (
				359944BF1BAB79E700F8540B /* clickerTests.swift */,
				359944BD1BAB79E700F8540B /* Supporting Files */,
			);
			path = clickerTests;
			sourceTree = "<group>";
		};
		359944BD1BAB79E700F8540B /* Supporting Files */ = {
			isa = PBXGroup;
			children = (
				359944BE1BAB79E700F8540B /* Info.plist */,
			);
			name = "Supporting Files";
			sourceTree = "<group>";
		};
		DF2CD7401BFC756D000D716D /* Question */ = {
			isa = PBXGroup;
			children = (
				DF9F37EF1BF1A88000418172 /* JLFreeResponseViewController.h */,
				DF9F37F01BF1A88000418172 /* JLFreeResponseViewController.m */,
				DF9F37F21BF1A91B00418172 /* JLNumericalViewController.h */,
				DF9F37F31BF1A91B00418172 /* JLNumericalViewController.m */,
				DF9F37F51BF1A93500418172 /* JLMultipleChoiceViewController.h */,
				DF9F37F61BF1A93500418172 /* JLMultipleChoiceViewController.m */,
			);
			name = Question;
			sourceTree = "<group>";
		};
		DF2CD7411BFC7576000D716D /* Courses */ = {
			isa = PBXGroup;
			children = (
				19B08A2C1BE9D46500411BC2 /* MXCoursesInputViewController.h */,
				19B08A2D1BE9D46500411BC2 /* MXCoursesInputViewController.m */,
				DF23F1661BE146320043EC0A /* JLCurrentClassViewController.h */,
				DF23F1671BE146320043EC0A /* JLCurrentClassViewController.m */,
				DF23F1691BE147F90043EC0A /* JLCoursesViewController.h */,
				DF23F16A1BE147F90043EC0A /* JLCoursesViewController.m */,
			);
			name = Courses;
			sourceTree = "<group>";
		};
		DF2CD7421BFC757F000D716D /* Profile */ = {
			isa = PBXGroup;
			children = (
				DF3962A61BCF78C9009E9D67 /* JLLoginViewController.h */,
				DF3962A71BCF78C9009E9D67 /* JLLoginViewController.m */,
				DF72CC911BF4B6930072CA6C /* JLCreateAccountViewController.h */,
				DF72CC921BF4B6930072CA6C /* JLCreateAccountViewController.m */,
				19A7C1041BEC1AB6003CF224 /* MXProfileViewController.h */,
				19A7C1051BEC1AB6003CF224 /* MXProfileViewController.m */,
			);
			name = Profile;
			sourceTree = "<group>";
		};
		DF4D6DA21BF55BD4007331B2 /* Old Swift Controllers */ = {
			isa = PBXGroup;
			children = (
				359944AB1BAB79E700F8540B /* ViewController.swift */,
				359944DE1BABA16500F8540B /* MultipleChoiceViewController.swift */,
				359944DA1BAB9F4900F8540B /* NumericalViewController.swift */,
				DFF6374A1BD631A5002B7699 /* FreeResponseViewController.swift */,
			);
			name = "Old Swift Controllers";
			sourceTree = "<group>";
		};
		DFD94A301BE97988001AC70D /* Manager */ = {
			isa = PBXGroup;
			children = (
				DFD94A2B1BE974CC001AC70D /* JLAPIManager.h */,
				DFD94A2C1BE974CC001AC70D /* JLAPIManager.m */,
				DFD94A331BE99363001AC70D /* JLClickerUserManager.h */,
				DFD94A341BE99363001AC70D /* JLClickerUserManager.m */,
			);
			name = Manager;
			sourceTree = "<group>";
		};
		DFD94A311BE979A7001AC70D /* Controller */ = {
			isa = PBXGroup;
			children = (
				DF4D6DA21BF55BD4007331B2 /* Old Swift Controllers */,
				DF2CD7421BFC757F000D716D /* Profile */,
				DF2CD7411BFC7576000D716D /* Courses */,
				DF2CD7401BFC756D000D716D /* Question */,
			);
			name = Controller;
			sourceTree = "<group>";
		};
		DFD94A321BE979C4001AC70D /* View */ = {
			isa = PBXGroup;
			children = (
				359944D81BAB947300F8540B /* MultipleChoiceTableViewCell.swift */,
			);
			name = View;
			sourceTree = "<group>";
		};
/* End PBXGroup section */

/* Begin PBXNativeTarget section */
		359944A31BAB79E700F8540B /* clicker */ = {
			isa = PBXNativeTarget;
			buildConfigurationList = 359944C31BAB79E700F8540B /* Build configuration list for PBXNativeTarget "clicker" */;
			buildPhases = (
				359944A01BAB79E700F8540B /* Sources */,
				359944A11BAB79E700F8540B /* Frameworks */,
				359944A21BAB79E700F8540B /* Resources */,
			);
			buildRules = (
			);
			dependencies = (
			);
			name = clicker;
			productName = clicker;
			productReference = 359944A41BAB79E700F8540B /* clicker.app */;
			productType = "com.apple.product-type.application";
		};
		359944B81BAB79E700F8540B /* clickerTests */ = {
			isa = PBXNativeTarget;
			buildConfigurationList = 359944C61BAB79E700F8540B /* Build configuration list for PBXNativeTarget "clickerTests" */;
			buildPhases = (
				359944B51BAB79E700F8540B /* Sources */,
				359944B61BAB79E700F8540B /* Frameworks */,
				359944B71BAB79E700F8540B /* Resources */,
			);
			buildRules = (
			);
			dependencies = (
				359944BB1BAB79E700F8540B /* PBXTargetDependency */,
			);
			name = clickerTests;
			productName = clickerTests;
			productReference = 359944B91BAB79E700F8540B /* clickerTests.xctest */;
			productType = "com.apple.product-type.bundle.unit-test";
		};
/* End PBXNativeTarget section */

/* Begin PBXProject section */
		3599449C1BAB79E700F8540B /* Project object */ = {
			isa = PBXProject;
			attributes = {
				LastSwiftUpdateCheck = 0700;
				LastUpgradeCheck = 0700;
				ORGANIZATIONNAME = "Univeristy of Southern California";
				TargetAttributes = {
					359944A31BAB79E700F8540B = {
						CreatedOnToolsVersion = 6.0.1;
						DevelopmentTeam = 668VK7AL9G;
					};
					359944B81BAB79E700F8540B = {
						CreatedOnToolsVersion = 6.0.1;
						TestTargetID = 359944A31BAB79E700F8540B;
					};
				};
			};
			buildConfigurationList = 3599449F1BAB79E700F8540B /* Build configuration list for PBXProject "clicker" */;
			compatibilityVersion = "Xcode 3.2";
			developmentRegion = English;
			hasScannedForEncodings = 0;
			knownRegions = (
				en,
				Base,
			);
			mainGroup = 3599449B1BAB79E700F8540B;
			productRefGroup = 359944A51BAB79E700F8540B /* Products */;
			projectDirPath = "";
			projectRoot = "";
			targets = (
				359944A31BAB79E700F8540B /* clicker */,
				359944B81BAB79E700F8540B /* clickerTests */,
			);
		};
/* End PBXProject section */

/* Begin PBXResourcesBuildPhase section */
		359944A21BAB79E700F8540B /* Resources */ = {
			isa = PBXResourcesBuildPhase;
			buildActionMask = 2147483647;
			files = (
				359944AF1BAB79E700F8540B /* Main.storyboard in Resources */,
				359944B41BAB79E700F8540B /* LaunchScreen.xib in Resources */,
				359944B11BAB79E700F8540B /* Images.xcassets in Resources */,
			);
			runOnlyForDeploymentPostprocessing = 0;
		};
		359944B71BAB79E700F8540B /* Resources */ = {
			isa = PBXResourcesBuildPhase;
			buildActionMask = 2147483647;
			files = (
			);
			runOnlyForDeploymentPostprocessing = 0;
		};
/* End PBXResourcesBuildPhase section */

/* Begin PBXSourcesBuildPhase section */
		359944A01BAB79E700F8540B /* Sources */ = {
			isa = PBXSourcesBuildPhase;
			buildActionMask = 2147483647;
			files = (
				DFD94A2D1BE974CC001AC70D /* JLAPIManager.m in Sources */,
				359944AC1BAB79E700F8540B /* ViewController.swift in Sources */,
				DF23F16B1BE147F90043EC0A /* JLCoursesViewController.m in Sources */,
				DF23F1681BE146320043EC0A /* JLCurrentClassViewController.m in Sources */,
				DF9F37F41BF1A91B00418172 /* JLNumericalViewController.m in Sources */,
				DFD94A351BE99363001AC70D /* JLClickerUserManager.m in Sources */,
				359944D91BAB947300F8540B /* MultipleChoiceTableViewCell.swift in Sources */,
				359944AA1BAB79E700F8540B /* AppDelegate.swift in Sources */,
				359944DB1BAB9F4900F8540B /* NumericalViewController.swift in Sources */,
				19B08A2E1BE9D46500411BC2 /* MXCoursesInputViewController.m in Sources */,
				DF3962A81BCF78C9009E9D67 /* JLLoginViewController.m in Sources */,
				19673F411BAF9C3C002CC363 /* (null) in Sources */,
				19A7C1061BEC1AB6003CF224 /* MXProfileViewController.m in Sources */,
				DF9F37F71BF1A93500418172 /* JLMultipleChoiceViewController.m in Sources */,
				DFF6374B1BD631A5002B7699 /* FreeResponseViewController.swift in Sources */,
				359944DF1BABA16500F8540B /* MultipleChoiceViewController.swift in Sources */,
				DF72CC931BF4B6930072CA6C /* JLCreateAccountViewController.m in Sources */,
				DF9F37F11BF1A88000418172 /* JLFreeResponseViewController.m in Sources */,
			);
			runOnlyForDeploymentPostprocessing = 0;
		};
		359944B51BAB79E700F8540B /* Sources */ = {
			isa = PBXSourcesBuildPhase;
			buildActionMask = 2147483647;
			files = (
				359944C01BAB79E700F8540B /* clickerTests.swift in Sources */,
			);
			runOnlyForDeploymentPostprocessing = 0;
		};
/* End PBXSourcesBuildPhase section */

/* Begin PBXTargetDependency section */
		359944BB1BAB79E700F8540B /* PBXTargetDependency */ = {
			isa = PBXTargetDependency;
			target = 359944A31BAB79E700F8540B /* clicker */;
			targetProxy = 359944BA1BAB79E700F8540B /* PBXContainerItemProxy */;
		};
/* End PBXTargetDependency section */

/* Begin PBXVariantGroup section */
		359944AD1BAB79E700F8540B /* Main.storyboard */ = {
			isa = PBXVariantGroup;
			children = (
				359944AE1BAB79E700F8540B /* Base */,
			);
			name = Main.storyboard;
			sourceTree = "<group>";
		};
		359944B21BAB79E700F8540B /* LaunchScreen.xib */ = {
			isa = PBXVariantGroup;
			children = (
				359944B31BAB79E700F8540B /* Base */,
			);
			name = LaunchScreen.xib;
			sourceTree = "<group>";
		};
/* End PBXVariantGroup section */

/* Begin XCBuildConfiguration section */
		359944C11BAB79E700F8540B /* Debug */ = {
			isa = XCBuildConfiguration;
			buildSettings = {
				ALWAYS_SEARCH_USER_PATHS = NO;
				CLANG_CXX_LANGUAGE_STANDARD = "gnu++0x";
				CLANG_CXX_LIBRARY = "libc++";
				CLANG_ENABLE_MODULES = YES;
				CLANG_ENABLE_OBJC_ARC = YES;
				CLANG_WARN_BOOL_CONVERSION = YES;
				CLANG_WARN_CONSTANT_CONVERSION = YES;
				CLANG_WARN_DIRECT_OBJC_ISA_USAGE = YES_ERROR;
				CLANG_WARN_EMPTY_BODY = YES;
				CLANG_WARN_ENUM_CONVERSION = YES;
				CLANG_WARN_INT_CONVERSION = YES;
				CLANG_WARN_OBJC_ROOT_CLASS = YES_ERROR;
				CLANG_WARN_UNREACHABLE_CODE = YES;
				CLANG_WARN__DUPLICATE_METHOD_MATCH = YES;
				CODE_SIGN_IDENTITY = "iPhone Developer: Julia Lin (KHKUG6CRNW)";
				"CODE_SIGN_IDENTITY[sdk=iphoneos*]" = "iPhone Developer: Julia Lin (KHKUG6CRNW)";
				COPY_PHASE_STRIP = NO;
				ENABLE_STRICT_OBJC_MSGSEND = YES;
				ENABLE_TESTABILITY = YES;
				GCC_C_LANGUAGE_STANDARD = gnu99;
				GCC_DYNAMIC_NO_PIC = NO;
				GCC_OPTIMIZATION_LEVEL = 0;
				GCC_PREPROCESSOR_DEFINITIONS = (
					"DEBUG=1",
					"$(inherited)",
				);
				GCC_SYMBOLS_PRIVATE_EXTERN = NO;
				GCC_WARN_64_TO_32_BIT_CONVERSION = YES;
				GCC_WARN_ABOUT_RETURN_TYPE = YES_ERROR;
				GCC_WARN_UNDECLARED_SELECTOR = YES;
				GCC_WARN_UNINITIALIZED_AUTOS = YES_AGGRESSIVE;
				GCC_WARN_UNUSED_FUNCTION = YES;
				GCC_WARN_UNUSED_VARIABLE = YES;
				IPHONEOS_DEPLOYMENT_TARGET = 8.0;
				MTL_ENABLE_DEBUG_INFO = YES;
				ONLY_ACTIVE_ARCH = YES;
				PROVISIONING_PROFILE = "3c6283c8-0658-4c71-b4e6-1d48f3a0dc98";
				SDKROOT = iphoneos;
				SWIFT_OPTIMIZATION_LEVEL = "-Onone";
				TARGETED_DEVICE_FAMILY = "1,2";
			};
			name = Debug;
		};
		359944C21BAB79E700F8540B /* Release */ = {
			isa = XCBuildConfiguration;
			buildSettings = {
				ALWAYS_SEARCH_USER_PATHS = NO;
				CLANG_CXX_LANGUAGE_STANDARD = "gnu++0x";
				CLANG_CXX_LIBRARY = "libc++";
				CLANG_ENABLE_MODULES = YES;
				CLANG_ENABLE_OBJC_ARC = YES;
				CLANG_WARN_BOOL_CONVERSION = YES;
				CLANG_WARN_CONSTANT_CONVERSION = YES;
				CLANG_WARN_DIRECT_OBJC_ISA_USAGE = YES_ERROR;
				CLANG_WARN_EMPTY_BODY = YES;
				CLANG_WARN_ENUM_CONVERSION = YES;
				CLANG_WARN_INT_CONVERSION = YES;
				CLANG_WARN_OBJC_ROOT_CLASS = YES_ERROR;
				CLANG_WARN_UNREACHABLE_CODE = YES;
				CLANG_WARN__DUPLICATE_METHOD_MATCH = YES;
				CODE_SIGN_IDENTITY = "iPhone Developer: Julia Lin (KHKUG6CRNW)";
				"CODE_SIGN_IDENTITY[sdk=iphoneos*]" = "iPhone Developer: Julia Lin (KHKUG6CRNW)";
				COPY_PHASE_STRIP = YES;
				ENABLE_NS_ASSERTIONS = NO;
				ENABLE_STRICT_OBJC_MSGSEND = YES;
				GCC_C_LANGUAGE_STANDARD = gnu99;
				GCC_WARN_64_TO_32_BIT_CONVERSION = YES;
				GCC_WARN_ABOUT_RETURN_TYPE = YES_ERROR;
				GCC_WARN_UNDECLARED_SELECTOR = YES;
				GCC_WARN_UNINITIALIZED_AUTOS = YES_AGGRESSIVE;
				GCC_WARN_UNUSED_FUNCTION = YES;
				GCC_WARN_UNUSED_VARIABLE = YES;
				IPHONEOS_DEPLOYMENT_TARGET = 8.0;
				MTL_ENABLE_DEBUG_INFO = NO;
				PROVISIONING_PROFILE = "3c6283c8-0658-4c71-b4e6-1d48f3a0dc98";
				SDKROOT = iphoneos;
				TARGETED_DEVICE_FAMILY = "1,2";
				VALIDATE_PRODUCT = YES;
			};
			name = Release;
		};
		359944C41BAB79E700F8540B /* Debug */ = {
			isa = XCBuildConfiguration;
			buildSettings = {
				ASSETCATALOG_COMPILER_APPICON_NAME = AppIcon;
				CLANG_ENABLE_MODULES = YES;
				CODE_SIGN_IDENTITY = "iPhone Developer";
				"CODE_SIGN_IDENTITY[sdk=iphoneos*]" = "iPhone Developer";
				EMBEDDED_CONTENT_CONTAINS_SWIFT = YES;
				FRAMEWORK_SEARCH_PATHS = (
					"$(inherited)",
					"$(PROJECT_DIR)",
				);
				INFOPLIST_FILE = clicker/Info.plist;
				LD_RUNPATH_SEARCH_PATHS = "$(inherited) @executable_path/Frameworks";
				PRODUCT_BUNDLE_IDENTIFIER = edu.usc.uscclickerapp;
				PRODUCT_NAME = "$(TARGET_NAME)";
				PROVISIONING_PROFILE = "3c6283c8-0658-4c71-b4e6-1d48f3a0dc98";
				SWIFT_OBJC_BRIDGING_HEADER = "clicker/clicker-Bridging-Header.h";
				SWIFT_OPTIMIZATION_LEVEL = "-Onone";
			};
			name = Debug;
		};
		359944C51BAB79E700F8540B /* Release */ = {
			isa = XCBuildConfiguration;
			buildSettings = {
				ASSETCATALOG_COMPILER_APPICON_NAME = AppIcon;
				CLANG_ENABLE_MODULES = YES;
				CODE_SIGN_IDENTITY = "iPhone Developer";
				"CODE_SIGN_IDENTITY[sdk=iphoneos*]" = "iPhone Developer";
				EMBEDDED_CONTENT_CONTAINS_SWIFT = YES;
				FRAMEWORK_SEARCH_PATHS = (
					"$(inherited)",
					"$(PROJECT_DIR)",
				);
				INFOPLIST_FILE = clicker/Info.plist;
				LD_RUNPATH_SEARCH_PATHS = "$(inherited) @executable_path/Frameworks";
				PRODUCT_BUNDLE_IDENTIFIER = edu.usc.uscclickerapp;
				PRODUCT_NAME = "$(TARGET_NAME)";
				PROVISIONING_PROFILE = "3c6283c8-0658-4c71-b4e6-1d48f3a0dc98";
				SWIFT_OBJC_BRIDGING_HEADER = "clicker/clicker-Bridging-Header.h";
			};
			name = Release;
		};
		359944C71BAB79E700F8540B /* Debug */ = {
			isa = XCBuildConfiguration;
			buildSettings = {
				BUNDLE_LOADER = "$(TEST_HOST)";
				FRAMEWORK_SEARCH_PATHS = (
					"$(SDKROOT)/Developer/Library/Frameworks",
					"$(inherited)",
				);
				GCC_PREPROCESSOR_DEFINITIONS = (
					"DEBUG=1",
					"$(inherited)",
				);
				INFOPLIST_FILE = clickerTests/Info.plist;
				LD_RUNPATH_SEARCH_PATHS = "$(inherited) @executable_path/Frameworks @loader_path/Frameworks";
				PRODUCT_BUNDLE_IDENTIFIER = "USC.$(PRODUCT_NAME:rfc1034identifier)";
				PRODUCT_NAME = "$(TARGET_NAME)";
				TEST_HOST = "$(BUILT_PRODUCTS_DIR)/clicker.app/clicker";
			};
			name = Debug;
		};
		359944C81BAB79E700F8540B /* Release */ = {
			isa = XCBuildConfiguration;
			buildSettings = {
				BUNDLE_LOADER = "$(TEST_HOST)";
				FRAMEWORK_SEARCH_PATHS = (
					"$(SDKROOT)/Developer/Library/Frameworks",
					"$(inherited)",
				);
				INFOPLIST_FILE = clickerTests/Info.plist;
				LD_RUNPATH_SEARCH_PATHS = "$(inherited) @executable_path/Frameworks @loader_path/Frameworks";
				PRODUCT_BUNDLE_IDENTIFIER = "USC.$(PRODUCT_NAME:rfc1034identifier)";
				PRODUCT_NAME = "$(TARGET_NAME)";
				TEST_HOST = "$(BUILT_PRODUCTS_DIR)/clicker.app/clicker";
			};
			name = Release;
		};
/* End XCBuildConfiguration section */

/* Begin XCConfigurationList section */
		3599449F1BAB79E700F8540B /* Build configuration list for PBXProject "clicker" */ = {
			isa = XCConfigurationList;
			buildConfigurations = (
				359944C11BAB79E700F8540B /* Debug */,
				359944C21BAB79E700F8540B /* Release */,
			);
			defaultConfigurationIsVisible = 0;
			defaultConfigurationName = Release;
		};
		359944C31BAB79E700F8540B /* Build configuration list for PBXNativeTarget "clicker" */ = {
			isa = XCConfigurationList;
			buildConfigurations = (
				359944C41BAB79E700F8540B /* Debug */,
				359944C51BAB79E700F8540B /* Release */,
			);
			defaultConfigurationIsVisible = 0;
			defaultConfigurationName = Release;
		};
		359944C61BAB79E700F8540B /* Build configuration list for PBXNativeTarget "clickerTests" */ = {
			isa = XCConfigurationList;
			buildConfigurations = (
				359944C71BAB79E700F8540B /* Debug */,
				359944C81BAB79E700F8540B /* Release */,
			);
			defaultConfigurationIsVisible = 0;
			defaultConfigurationName = Release;
		};
/* End XCConfigurationList section */
	};
	rootObject = 3599449C1BAB79E700F8540B /* Project object */;
}
